
Microsoft Visual Studio Solution File, Format Version 12.00
# Visual Studio Version 16
VisualStudioVersion = 16.0.29920.165
MinimumVisualStudioVersion = 10.0.40219.1
Project("{FAE04EC0-301F-11D3-BF4B-00C04F79EFBC}") = "s18033-3", "s18033-3\s18033-3.csproj", "{A506878E-31FC-4DA6-8F88-3792B89558EF}"
EndProject
Global
	GlobalSection(SolutionConfigurationPlatforms) = preSolution
		Debug|Any CPU = Debug|Any CPU
		Release|Any CPU = Release|Any CPU
	EndGlobalSection
	GlobalSection(ProjectConfigurationPlatforms) = postSolution
		{A506878E-31FC-4DA6-8F88-3792B89558EF}.Debug|Any CPU.ActiveCfg = Debug|Any CPU
		{A506878E-31FC-4DA6-8F88-3792B89558EF}.Debug|Any CPU.Build.0 = Debug|Any CPU
		{A506878E-31FC-4DA6-8F88-3792B89558EF}.Release|Any CPU.ActiveCfg = Release|Any CPU
		{A506878E-31FC-4DA6-8F88-3792B89558EF}.Release|Any CPU.Build.0 = Release|Any CPU
	EndGlobalSection
	GlobalSection(SolutionProperties) = preSolution
		HideSolutionNode = FALSE
	EndGlobalSection
	GlobalSection(ExtensibilityGlobals) = postSolution
		SolutionGuid = {FC7CEE26-0AFF-49BE-846A-BE33CA627CE1}
	EndGlobalSection
EndGlobal
